<Solution>
  <Project Path="Assembly-CSharp.csproj" />
  <Project Path="AstarPathfindingProject.csproj" />
  <Project Path="Edgar.Unity.csproj" />
  <Project Path="VinarkGames.BetterRuleTiles.Editor.csproj" />
  <Project Path="Edgar.Unity.Editor.csproj" />
  <Project Path="PackageToolsEditor.csproj" />
  <Project Path="Assembly-CSharp-Editor.csproj" />
  <Project Path="Edgar.Unity.Examples.csproj" />
  <Project Path="VinarkGames.Utilities.Editor.csproj" />
  <Project Path="AstarPathfindingProjectEditor.csproj" />
  <Project Path="VinarkGames.BetterRuleTiles.csproj" />
  <Project Path="DamageNumbersPro.csproj" />
  <Project Path="VinarkGames.Utilities.csproj" />
</Solution>
